
Microsoft Visual Studio Solution File, Format Version 12.00
# Visual Studio Version 17
VisualStudioVersion = 17.9.34728.123
MinimumVisualStudioVersion = 10.0.40219.1
Project("{FAE04EC0-301F-11D3-BF4B-00C04F79EFBC}") = "POCLargeFileUploadAndDownloadinCsharp", "POCLargeFileUploadAndDownloadinCsharp\POCLargeFileUploadAndDownloadinCsharp.csproj", "{9D15E393-304D-4CE4-8ECD-8EB492B3B88E}"
EndProject
Global
	GlobalSection(SolutionConfigurationPlatforms) = preSolution
		Debug|Any CPU = Debug|Any CPU
		Release|Any CPU = Release|Any CPU
	EndGlobalSection
	GlobalSection(ProjectConfigurationPlatforms) = postSolution
		{9D15E393-304D-4CE4-8ECD-8EB492B3B88E}.Debug|Any CPU.ActiveCfg = Debug|Any CPU
		{9D15E393-304D-4CE4-8ECD-8EB492B3B88E}.Debug|Any CPU.Build.0 = Debug|Any CPU
		{9D15E393-304D-4CE4-8ECD-8EB492B3B88E}.Release|Any CPU.ActiveCfg = Release|Any CPU
		{9D15E393-304D-4CE4-8ECD-8EB492B3B88E}.Release|Any CPU.Build.0 = Release|Any CPU
	EndGlobalSection
	GlobalSection(SolutionProperties) = preSolution
		HideSolutionNode = FALSE
	EndGlobalSection
	GlobalSection(ExtensibilityGlobals) = postSolution
		SolutionGuid = {335F3921-23CB-4576-993B-6CFFBE9A16E1}
	EndGlobalSection
EndGlobal
